
Microsoft Visual Studio Solution File, Format Version 12.00
# Visual Studio 14
VisualStudioVersion = 14.0.25420.1
MinimumVisualStudioVersion = 10.0.40219.1
Project("{FAE04EC0-301F-11D3-BF4B-00C04F79EFBC}") = "AutoUpdater", "AutoUpdater\AutoUpdater.csproj", "{4CEADF71-8032-47FE-A357-D6F4023261CF}"
EndProject
Project("{FAE04EC0-301F-11D3-BF4B-00C04F79EFBC}") = "Example", "Example\Example.csproj", "{DE7070D8-4FB9-4F7F-B3AE-2500073D6852}"
EndProject
Global
	GlobalSection(SolutionConfigurationPlatforms) = preSolution
		Debug|Any CPU = Debug|Any CPU
		Debug|x64 = Debug|x64
		Debug|x86 = Debug|x86
		Release|Any CPU = Release|Any CPU
		Release|x64 = Release|x64
		Release|x86 = Release|x86
	EndGlobalSection
	GlobalSection(ProjectConfigurationPlatforms) = postSolution
		{4CEADF71-8032-47FE-A357-D6F4023261CF}.Debug|Any CPU.ActiveCfg = Debug|x86
		{4CEADF71-8032-47FE-A357-D6F4023261CF}.Debug|Any CPU.Build.0 = Debug|x86
		{4CEADF71-8032-47FE-A357-D6F4023261CF}.Debug|x64.ActiveCfg = Debug|x86
		{4CEADF71-8032-47FE-A357-D6F4023261CF}.Debug|x64.Build.0 = Debug|x86
		{4CEADF71-8032-47FE-A357-D6F4023261CF}.Debug|x86.ActiveCfg = Debug|x86
		{4CEADF71-8032-47FE-A357-D6F4023261CF}.Debug|x86.Build.0 = Debug|x86
		{4CEADF71-8032-47FE-A357-D6F4023261CF}.Release|Any CPU.ActiveCfg = Release|x86
		{4CEADF71-8032-47FE-A357-D6F4023261CF}.Release|x64.ActiveCfg = Release|x86
		{4CEADF71-8032-47FE-A357-D6F4023261CF}.Release|x86.ActiveCfg = Release|x86
		{4CEADF71-8032-47FE-A357-D6F4023261CF}.Release|x86.Build.0 = Release|x86
		{DE7070D8-4FB9-4F7F-B3AE-2500073D6852}.Debug|Any CPU.ActiveCfg = Debug|Any CPU
		{DE7070D8-4FB9-4F7F-B3AE-2500073D6852}.Debug|Any CPU.Build.0 = Debug|Any CPU
		{DE7070D8-4FB9-4F7F-B3AE-2500073D6852}.Debug|x64.ActiveCfg = Debug|Any CPU
		{DE7070D8-4FB9-4F7F-B3AE-2500073D6852}.Debug|x64.Build.0 = Debug|Any CPU
		{DE7070D8-4FB9-4F7F-B3AE-2500073D6852}.Debug|x86.ActiveCfg = Debug|Any CPU
		{DE7070D8-4FB9-4F7F-B3AE-2500073D6852}.Debug|x86.Build.0 = Debug|Any CPU
		{DE7070D8-4FB9-4F7F-B3AE-2500073D6852}.Release|Any CPU.ActiveCfg = Release|Any CPU
		{DE7070D8-4FB9-4F7F-B3AE-2500073D6852}.Release|Any CPU.Build.0 = Release|Any CPU
		{DE7070D8-4FB9-4F7F-B3AE-2500073D6852}.Release|x64.ActiveCfg = Release|x64
		{DE7070D8-4FB9-4F7F-B3AE-2500073D6852}.Release|x64.Build.0 = Release|x64
		{DE7070D8-4FB9-4F7F-B3AE-2500073D6852}.Release|x86.ActiveCfg = Release|Any CPU
		{DE7070D8-4FB9-4F7F-B3AE-2500073D6852}.Release|x86.Build.0 = Release|Any CPU
	EndGlobalSection
	GlobalSection(SolutionProperties) = preSolution
		HideSolutionNode = FALSE
	EndGlobalSection
EndGlobal
